
Microsoft Visual Studio Solution File, Format Version 12.00
# Visual Studio Version 17
VisualStudioVersion = 17.0.31903.59
MinimumVisualStudioVersion = 10.0.40219.1
Project("{2150E333-8FDC-42A3-9474-1A3956D46DE8}") = "src", "src", "{827E0CD3-B72D-47B6-A68D-7590B98EB39B}"
EndProject
Project("{FAE04EC0-301F-11D3-BF4B-00C04F79EFBC}") = "LocalGo.Domain", "src\LocalGo.Domain\LocalGo.Domain.csproj", "{76CC2A2A-2B0A-4C8D-B012-8D40E4EBA98F}"
EndProject
Project("{FAE04EC0-301F-11D3-BF4B-00C04F79EFBC}") = "LocalGo.Application", "src\LocalGo.Application\LocalGo.Application.csproj", "{47C1CA39-9680-44CD-9D10-99A014813F96}"
EndProject
Project("{FAE04EC0-301F-11D3-BF4B-00C04F79EFBC}") = "LocalGo.Infrastructure", "src\LocalGo.Infrastructure\LocalGo.Infrastructure.csproj", "{79F79BDA-C55C-458A-8C05-61E6701BD4E7}"
EndProject
Project("{FAE04EC0-301F-11D3-BF4B-00C04F79EFBC}") = "LocalGo.Api", "src\LocalGo.Api\LocalGo.Api.csproj", "{3874D21D-DD50-4335-88D5-F0E6E9B53FE0}"
EndProject
Project("{2150E333-8FDC-42A3-9474-1A3956D46DE8}") = "tests", "tests", "{0AB3BF05-4346-4AA6-1389-037BE0695223}"
EndProject
Project("{FAE04EC0-301F-11D3-BF4B-00C04F79EFBC}") = "LocalGo.Tests", "tests\LocalGo.Tests\LocalGo.Tests.csproj", "{6F4F0DAA-C171-4BFA-B7B2-31F57F65FD89}"
EndProject
Global
	GlobalSection(SolutionConfigurationPlatforms) = preSolution
		Debug|Any CPU = Debug|Any CPU
		Debug|x64 = Debug|x64
		Debug|x86 = Debug|x86
		Release|Any CPU = Release|Any CPU
		Release|x64 = Release|x64
		Release|x86 = Release|x86
	EndGlobalSection
	GlobalSection(ProjectConfigurationPlatforms) = postSolution
		{76CC2A2A-2B0A-4C8D-B012-8D40E4EBA98F}.Debug|Any CPU.ActiveCfg = Debug|Any CPU
		{76CC2A2A-2B0A-4C8D-B012-8D40E4EBA98F}.Debug|Any CPU.Build.0 = Debug|Any CPU
		{76CC2A2A-2B0A-4C8D-B012-8D40E4EBA98F}.Debug|x64.ActiveCfg = Debug|Any CPU
		{76CC2A2A-2B0A-4C8D-B012-8D40E4EBA98F}.Debug|x64.Build.0 = Debug|Any CPU
		{76CC2A2A-2B0A-4C8D-B012-8D40E4EBA98F}.Debug|x86.ActiveCfg = Debug|Any CPU
		{76CC2A2A-2B0A-4C8D-B012-8D40E4EBA98F}.Debug|x86.Build.0 = Debug|Any CPU
		{76CC2A2A-2B0A-4C8D-B012-8D40E4EBA98F}.Release|Any CPU.ActiveCfg = Release|Any CPU
		{76CC2A2A-2B0A-4C8D-B012-8D40E4EBA98F}.Release|Any CPU.Build.0 = Release|Any CPU
		{76CC2A2A-2B0A-4C8D-B012-8D40E4EBA98F}.Release|x64.ActiveCfg = Release|Any CPU
		{76CC2A2A-2B0A-4C8D-B012-8D40E4EBA98F}.Release|x64.Build.0 = Release|Any CPU
		{76CC2A2A-2B0A-4C8D-B012-8D40E4EBA98F}.Release|x86.ActiveCfg = Release|Any CPU
		{76CC2A2A-2B0A-4C8D-B012-8D40E4EBA98F}.Release|x86.Build.0 = Release|Any CPU
		{47C1CA39-9680-44CD-9D10-99A014813F96}.Debug|Any CPU.ActiveCfg = Debug|Any CPU
		{47C1CA39-9680-44CD-9D10-99A014813F96}.Debug|Any CPU.Build.0 = Debug|Any CPU
		{47C1CA39-9680-44CD-9D10-99A014813F96}.Debug|x64.ActiveCfg = Debug|Any CPU
		{47C1CA39-9680-44CD-9D10-99A014813F96}.Debug|x64.Build.0 = Debug|Any CPU
		{47C1CA39-9680-44CD-9D10-99A014813F96}.Debug|x86.ActiveCfg = Debug|Any CPU
		{47C1CA39-9680-44CD-9D10-99A014813F96}.Debug|x86.Build.0 = Debug|Any CPU
		{47C1CA39-9680-44CD-9D10-99A014813F96}.Release|Any CPU.ActiveCfg = Release|Any CPU
		{47C1CA39-9680-44CD-9D10-99A014813F96}.Release|Any CPU.Build.0 = Release|Any CPU
		{47C1CA39-9680-44CD-9D10-99A014813F96}.Release|x64.ActiveCfg = Release|Any CPU
		{47C1CA39-9680-44CD-9D10-99A014813F96}.Release|x64.Build.0 = Release|Any CPU
		{47C1CA39-9680-44CD-9D10-99A014813F96}.Release|x86.ActiveCfg = Release|Any CPU
		{47C1CA39-9680-44CD-9D10-99A014813F96}.Release|x86.Build.0 = Release|Any CPU
		{79F79BDA-C55C-458A-8C05-61E6701BD4E7}.Debug|Any CPU.ActiveCfg = Debug|Any CPU
		{79F79BDA-C55C-458A-8C05-61E6701BD4E7}.Debug|Any CPU.Build.0 = Debug|Any CPU
		{79F79BDA-C55C-458A-8C05-61E6701BD4E7}.Debug|x64.ActiveCfg = Debug|Any CPU
		{79F79BDA-C55C-458A-8C05-61E6701BD4E7}.Debug|x64.Build.0 = Debug|Any CPU
		{79F79BDA-C55C-458A-8C05-61E6701BD4E7}.Debug|x86.ActiveCfg = Debug|Any CPU
		{79F79BDA-C55C-458A-8C05-61E6701BD4E7}.Debug|x86.Build.0 = Debug|Any CPU
		{79F79BDA-C55C-458A-8C05-61E6701BD4E7}.Release|Any CPU.ActiveCfg = Release|Any CPU
		{79F79BDA-C55C-458A-8C05-61E6701BD4E7}.Release|Any CPU.Build.0 = Release|Any CPU
		{79F79BDA-C55C-458A-8C05-61E6701BD4E7}.Release|x64.ActiveCfg = Release|Any CPU
		{79F79BDA-C55C-458A-8C05-61E6701BD4E7}.Release|x64.Build.0 = Release|Any CPU
		{79F79BDA-C55C-458A-8C05-61E6701BD4E7}.Release|x86.ActiveCfg = Release|Any CPU
		{79F79BDA-C55C-458A-8C05-61E6701BD4E7}.Release|x86.Build.0 = Release|Any CPU
		{3874D21D-DD50-4335-88D5-F0E6E9B53FE0}.Debug|Any CPU.ActiveCfg = Debug|Any CPU
		{3874D21D-DD50-4335-88D5-F0E6E9B53FE0}.Debug|Any CPU.Build.0 = Debug|Any CPU
		{3874D21D-DD50-4335-88D5-F0E6E9B53FE0}.Debug|x64.ActiveCfg = Debug|Any CPU
		{3874D21D-DD50-4335-88D5-F0E6E9B53FE0}.Debug|x64.Build.0 = Debug|Any CPU
		{3874D21D-DD50-4335-88D5-F0E6E9B53FE0}.Debug|x86.ActiveCfg = Debug|Any CPU
		{3874D21D-DD50-4335-88D5-F0E6E9B53FE0}.Debug|x86.Build.0 = Debug|Any CPU
		{3874D21D-DD50-4335-88D5-F0E6E9B53FE0}.Release|Any CPU.ActiveCfg = Release|Any CPU
		{3874D21D-DD50-4335-88D5-F0E6E9B53FE0}.Release|Any CPU.Build.0 = Release|Any CPU
		{3874D21D-DD50-4335-88D5-F0E6E9B53FE0}.Release|x64.ActiveCfg = Release|Any CPU
		{3874D21D-DD50-4335-88D5-F0E6E9B53FE0}.Release|x64.Build.0 = Release|Any CPU
		{3874D21D-DD50-4335-88D5-F0E6E9B53FE0}.Release|x86.ActiveCfg = Release|Any CPU
		{3874D21D-DD50-4335-88D5-F0E6E9B53FE0}.Release|x86.Build.0 = Release|Any CPU
		{6F4F0DAA-C171-4BFA-B7B2-31F57F65FD89}.Debug|Any CPU.ActiveCfg = Debug|Any CPU
		{6F4F0DAA-C171-4BFA-B7B2-31F57F65FD89}.Debug|Any CPU.Build.0 = Debug|Any CPU
		{6F4F0DAA-C171-4BFA-B7B2-31F57F65FD89}.Debug|x64.ActiveCfg = Debug|Any CPU
		{6F4F0DAA-C171-4BFA-B7B2-31F57F65FD89}.Debug|x64.Build.0 = Debug|Any CPU
		{6F4F0DAA-C171-4BFA-B7B2-31F57F65FD89}.Debug|x86.ActiveCfg = Debug|Any CPU
		{6F4F0DAA-C171-4BFA-B7B2-31F57F65FD89}.Debug|x86.Build.0 = Debug|Any CPU
		{6F4F0DAA-C171-4BFA-B7B2-31F57F65FD89}.Release|Any CPU.ActiveCfg = Release|Any CPU
		{6F4F0DAA-C171-4BFA-B7B2-31F57F65FD89}.Release|Any CPU.Build.0 = Release|Any CPU
		{6F4F0DAA-C171-4BFA-B7B2-31F57F65FD89}.Release|x64.ActiveCfg = Release|Any CPU
		{6F4F0DAA-C171-4BFA-B7B2-31F57F65FD89}.Release|x64.Build.0 = Release|Any CPU
		{6F4F0DAA-C171-4BFA-B7B2-31F57F65FD89}.Release|x86.ActiveCfg = Release|Any CPU
		{6F4F0DAA-C171-4BFA-B7B2-31F57F65FD89}.Release|x86.Build.0 = Release|Any CPU
	EndGlobalSection
	GlobalSection(SolutionProperties) = preSolution
		HideSolutionNode = FALSE
	EndGlobalSection
	GlobalSection(NestedProjects) = preSolution
		{76CC2A2A-2B0A-4C8D-B012-8D40E4EBA98F} = {827E0CD3-B72D-47B6-A68D-7590B98EB39B}
		{47C1CA39-9680-44CD-9D10-99A014813F96} = {827E0CD3-B72D-47B6-A68D-7590B98EB39B}
		{79F79BDA-C55C-458A-8C05-61E6701BD4E7} = {827E0CD3-B72D-47B6-A68D-7590B98EB39B}
		{3874D21D-DD50-4335-88D5-F0E6E9B53FE0} = {827E0CD3-B72D-47B6-A68D-7590B98EB39B}
		{6F4F0DAA-C171-4BFA-B7B2-31F57F65FD89} = {0AB3BF05-4346-4AA6-1389-037BE0695223}
	EndGlobalSection
EndGlobal
